
Microsoft Visual Studio Solution File, Format Version 12.00
# Visual Studio Version 17
VisualStudioVersion = 17.14.36203.30 d17.14
MinimumVisualStudioVersion = 10.0.40219.1
Project("{FAE04EC0-301F-11D3-BF4B-00C04F79EFBC}") = "FlowGui", "FlowGui\FlowGui.csproj", "{226C9EDA-19AC-4F3C-831F-FC515236A507}"
EndProject
Global
	GlobalSection(SolutionConfigurationPlatforms) = preSolution
		Debug|Any CPU = Debug|Any CPU
		Release|Any CPU = Release|Any CPU
	EndGlobalSection
	GlobalSection(ProjectConfigurationPlatforms) = postSolution
		{226C9EDA-19AC-4F3C-831F-FC515236A507}.Debug|Any CPU.ActiveCfg = Debug|Any CPU
		{226C9EDA-19AC-4F3C-831F-FC515236A507}.Debug|Any CPU.Build.0 = Debug|Any CPU
		{226C9EDA-19AC-4F3C-831F-FC515236A507}.Release|Any CPU.ActiveCfg = Release|Any CPU
		{226C9EDA-19AC-4F3C-831F-FC515236A507}.Release|Any CPU.Build.0 = Release|Any CPU
	EndGlobalSection
	GlobalSection(SolutionProperties) = preSolution
		HideSolutionNode = FALSE
	EndGlobalSection
	GlobalSection(ExtensibilityGlobals) = postSolution
		SolutionGuid = {A247EE58-5E53-486A-89EE-836BC3D31F59}
	EndGlobalSection
EndGlobal
